
Microsoft Visual Studio Solution File, Format Version 12.00
# Visual Studio Version 17
VisualStudioVersion = 17.9.34723.18
MinimumVisualStudioVersion = 10.0.40219.1
Project("{8BC9CEB8-8B4A-11D0-8D11-00A0C91BC942}") = "main", "main\main.vcxproj", "{457601DA-A85D-40BA-91A4-D0BC5D3815EE}"
EndProject
Global
	GlobalSection(SolutionConfigurationPlatforms) = preSolution
		Debug|x64 = Debug|x64
		Debug|x86 = Debug|x86
		Release|x64 = Release|x64
		Release|x86 = Release|x86
	EndGlobalSection
	GlobalSection(ProjectConfigurationPlatforms) = postSolution
		{457601DA-A85D-40BA-91A4-D0BC5D3815EE}.Debug|x64.ActiveCfg = Debug|x64
		{457601DA-A85D-40BA-91A4-D0BC5D3815EE}.Debug|x64.Build.0 = Debug|x64
		{457601DA-A85D-40BA-91A4-D0BC5D3815EE}.Debug|x86.ActiveCfg = Debug|Win32
		{457601DA-A85D-40BA-91A4-D0BC5D3815EE}.Debug|x86.Build.0 = Debug|Win32
		{457601DA-A85D-40BA-91A4-D0BC5D3815EE}.Release|x64.ActiveCfg = Release|x64
		{457601DA-A85D-40BA-91A4-D0BC5D3815EE}.Release|x64.Build.0 = Release|x64
		{457601DA-A85D-40BA-91A4-D0BC5D3815EE}.Release|x86.ActiveCfg = Release|Win32
		{457601DA-A85D-40BA-91A4-D0BC5D3815EE}.Release|x86.Build.0 = Release|Win32
	EndGlobalSection
	GlobalSection(SolutionProperties) = preSolution
		HideSolutionNode = FALSE
	EndGlobalSection
	GlobalSection(ExtensibilityGlobals) = postSolution
		SolutionGuid = {08964C4A-5178-4CC5-9E07-54893EB5B943}
	EndGlobalSection
EndGlobal
